{
  "nodes": {
    "nix-scorep": {
      "inputs": {
        "nixpkgs": [
          "nixpkgs"
        ]
      },
      "locked": {
        "lastModified": 1707231236,
        "narHash": "sha256-ybTbv1A4wJ0RMNZ8E+zUZ1Gsj8XvQfsQK8froTypaRk=",
        "owner": "s9105947",
        "repo": "nix-scorep",
        "rev": "6acd7c79d0fd625ed29007a8a7a53befea3cfe7f",
        "type": "github"
      },
      "original": {
        "owner": "s9105947",
        "repo": "nix-scorep",
        "type": "github"
      }
    },
    "nixpkgs": {
      "locked": {
        "lastModified": 1707091808,
        "narHash": "sha256-LahKBAfGbY836gtpVNnWwBTIzN7yf/uYM/S0g393r0Y=",
        "owner": "nixos",
        "repo": "nixpkgs",
        "rev": "9f2ee8c91ac42da3ae6c6a1d21555f283458247e",
        "type": "github"
      },
      "original": {
        "owner": "nixos",
        "ref": "nixos-23.11",
        "repo": "nixpkgs",
        "type": "github"
      }
    },
    "root": {
      "inputs": {
        "nix-scorep": "nix-scorep",
        "nixpkgs": "nixpkgs"
      }
    }
  },
  "root": "root",
  "version": 7
}
